
Microsoft Visual Studio Solution File, Format Version 12.00
# Visual Studio Version 17
VisualStudioVersion = 17.0.31521.260
MinimumVisualStudioVersion = 10.0.40219.1
Project("{FAE04EC0-301F-11D3-BF4B-00C04F79EFBC}") = "Currycomb.Gateway", "Currycomb.Gateway\Currycomb.Gateway.csproj", "{C9EF547F-1AC1-427F-A50F-B44326FC4820}"
EndProject
Project("{FAE04EC0-301F-11D3-BF4B-00C04F79EFBC}") = "Currycomb.AuthService", "Currycomb.AuthService\Currycomb.AuthService.csproj", "{BA313F9C-8D96-4E86-A11E-5C04745758F6}"
EndProject
Project("{FAE04EC0-301F-11D3-BF4B-00C04F79EFBC}") = "Currycomb.PlayService", "Currycomb.PlayService\Currycomb.PlayService.csproj", "{860BAFFF-A314-4C64-8271-0068F884AB5E}"
EndProject
Project("{FAE04EC0-301F-11D3-BF4B-00C04F79EFBC}") = "Currycomb.ChatService", "Currycomb.ChatService\Currycomb.ChatService.csproj", "{19E8E18B-78F6-4991-BBE7-8224AA89F129}"
EndProject
Project("{9A19103F-16F7-4668-BE54-9A1E7A4F7556}") = "Currycomb.Common", "Currycomb.Common\Currycomb.Common.csproj", "{4C9BF9D4-9B40-44F3-BBEC-CDE8EB8BC6ED}"
EndProject
Project("{FAE04EC0-301F-11D3-BF4B-00C04F79EFBC}") = "Currycomb.Nbt", "Currycomb.Nbt\Currycomb.Nbt.csproj", "{327EB888-95DE-4C7E-91B1-817B2D72BA90}"
EndProject
Global
	GlobalSection(SolutionConfigurationPlatforms) = preSolution
		Debug|Any CPU = Debug|Any CPU
		Release|Any CPU = Release|Any CPU
	EndGlobalSection
	GlobalSection(ProjectConfigurationPlatforms) = postSolution
		{C9EF547F-1AC1-427F-A50F-B44326FC4820}.Debug|Any CPU.ActiveCfg = Debug|Any CPU
		{C9EF547F-1AC1-427F-A50F-B44326FC4820}.Debug|Any CPU.Build.0 = Debug|Any CPU
		{C9EF547F-1AC1-427F-A50F-B44326FC4820}.Release|Any CPU.ActiveCfg = Release|Any CPU
		{C9EF547F-1AC1-427F-A50F-B44326FC4820}.Release|Any CPU.Build.0 = Release|Any CPU
		{BA313F9C-8D96-4E86-A11E-5C04745758F6}.Debug|Any CPU.ActiveCfg = Debug|Any CPU
		{BA313F9C-8D96-4E86-A11E-5C04745758F6}.Debug|Any CPU.Build.0 = Debug|Any CPU
		{BA313F9C-8D96-4E86-A11E-5C04745758F6}.Release|Any CPU.ActiveCfg = Release|Any CPU
		{BA313F9C-8D96-4E86-A11E-5C04745758F6}.Release|Any CPU.Build.0 = Release|Any CPU
		{860BAFFF-A314-4C64-8271-0068F884AB5E}.Debug|Any CPU.ActiveCfg = Debug|Any CPU
		{860BAFFF-A314-4C64-8271-0068F884AB5E}.Debug|Any CPU.Build.0 = Debug|Any CPU
		{860BAFFF-A314-4C64-8271-0068F884AB5E}.Release|Any CPU.ActiveCfg = Release|Any CPU
		{860BAFFF-A314-4C64-8271-0068F884AB5E}.Release|Any CPU.Build.0 = Release|Any CPU
		{19E8E18B-78F6-4991-BBE7-8224AA89F129}.Debug|Any CPU.ActiveCfg = Debug|Any CPU
		{19E8E18B-78F6-4991-BBE7-8224AA89F129}.Debug|Any CPU.Build.0 = Debug|Any CPU
		{19E8E18B-78F6-4991-BBE7-8224AA89F129}.Release|Any CPU.ActiveCfg = Release|Any CPU
		{19E8E18B-78F6-4991-BBE7-8224AA89F129}.Release|Any CPU.Build.0 = Release|Any CPU
		{4C9BF9D4-9B40-44F3-BBEC-CDE8EB8BC6ED}.Debug|Any CPU.ActiveCfg = Debug|Any CPU
		{4C9BF9D4-9B40-44F3-BBEC-CDE8EB8BC6ED}.Debug|Any CPU.Build.0 = Debug|Any CPU
		{4C9BF9D4-9B40-44F3-BBEC-CDE8EB8BC6ED}.Release|Any CPU.ActiveCfg = Release|Any CPU
		{4C9BF9D4-9B40-44F3-BBEC-CDE8EB8BC6ED}.Release|Any CPU.Build.0 = Release|Any CPU
		{327EB888-95DE-4C7E-91B1-817B2D72BA90}.Debug|Any CPU.ActiveCfg = Debug|Any CPU
		{327EB888-95DE-4C7E-91B1-817B2D72BA90}.Debug|Any CPU.Build.0 = Debug|Any CPU
		{327EB888-95DE-4C7E-91B1-817B2D72BA90}.Release|Any CPU.ActiveCfg = Release|Any CPU
		{327EB888-95DE-4C7E-91B1-817B2D72BA90}.Release|Any CPU.Build.0 = Release|Any CPU
	EndGlobalSection
	GlobalSection(SolutionProperties) = preSolution
		HideSolutionNode = FALSE
	EndGlobalSection
	GlobalSection(ExtensibilityGlobals) = postSolution
		SolutionGuid = {0AA4C3E6-09CC-4A39-8C01-552D6C71815E}
	EndGlobalSection
EndGlobal
